
Microsoft Visual Studio Solution File, Format Version 12.00
# Visual Studio Version 17
VisualStudioVersion = 17.0.32126.317
MinimumVisualStudioVersion = 10.0.40219.1
Project("{FAE04EC0-301F-11D3-BF4B-00C04F79EFBC}") = "tehtava5", "tehtava5\tehtava5.csproj", "{1472E2EC-B319-424A-941E-873138155ABE}"
EndProject
Global
	GlobalSection(SolutionConfigurationPlatforms) = preSolution
		Debug|Any CPU = Debug|Any CPU
		Release|Any CPU = Release|Any CPU
	EndGlobalSection
	GlobalSection(ProjectConfigurationPlatforms) = postSolution
		{1472E2EC-B319-424A-941E-873138155ABE}.Debug|Any CPU.ActiveCfg = Debug|Any CPU
		{1472E2EC-B319-424A-941E-873138155ABE}.Debug|Any CPU.Build.0 = Debug|Any CPU
		{1472E2EC-B319-424A-941E-873138155ABE}.Release|Any CPU.ActiveCfg = Release|Any CPU
		{1472E2EC-B319-424A-941E-873138155ABE}.Release|Any CPU.Build.0 = Release|Any CPU
	EndGlobalSection
	GlobalSection(SolutionProperties) = preSolution
		HideSolutionNode = FALSE
	EndGlobalSection
	GlobalSection(ExtensibilityGlobals) = postSolution
		SolutionGuid = {D97BC468-D542-4C68-9602-75D30D462197}
	EndGlobalSection
EndGlobal
