
Microsoft Visual Studio Solution File, Format Version 12.00
# Visual Studio Version 17
VisualStudioVersion = 17.0.32126.317
MinimumVisualStudioVersion = 10.0.40219.1
Project("{FAE04EC0-301F-11D3-BF4B-00C04F79EFBC}") = "tehtävä6", "tehtävä6\tehtävä6.csproj", "{072149E5-239B-481D-BDA3-B3CC868E947D}"
EndProject
Global
	GlobalSection(SolutionConfigurationPlatforms) = preSolution
		Debug|Any CPU = Debug|Any CPU
		Release|Any CPU = Release|Any CPU
	EndGlobalSection
	GlobalSection(ProjectConfigurationPlatforms) = postSolution
		{072149E5-239B-481D-BDA3-B3CC868E947D}.Debug|Any CPU.ActiveCfg = Debug|Any CPU
		{072149E5-239B-481D-BDA3-B3CC868E947D}.Debug|Any CPU.Build.0 = Debug|Any CPU
		{072149E5-239B-481D-BDA3-B3CC868E947D}.Release|Any CPU.ActiveCfg = Release|Any CPU
		{072149E5-239B-481D-BDA3-B3CC868E947D}.Release|Any CPU.Build.0 = Release|Any CPU
	EndGlobalSection
	GlobalSection(SolutionProperties) = preSolution
		HideSolutionNode = FALSE
	EndGlobalSection
	GlobalSection(ExtensibilityGlobals) = postSolution
		SolutionGuid = {063D3963-03FF-47CB-B793-19A47B80E033}
	EndGlobalSection
EndGlobal
